
Microsoft Visual Studio Solution File, Format Version 12.00
# Visual Studio Version 16
VisualStudioVersion = 16.0.28803.202
MinimumVisualStudioVersion = 10.0.40219.1
Project("{9A19103F-16F7-4668-BE54-9A1E7A4F7556}") = "JarlykMods.Raincoat", "Raincoat\JarlykMods.Raincoat.csproj", "{509F1678-C815-4879-9A0C-771842DC9DDD}"
EndProject
Project("{9A19103F-16F7-4668-BE54-9A1E7A4F7556}") = "JarlykMods.Umbrella", "Umbrella\JarlykMods.Umbrella.csproj", "{0CA914B5-9908-4856-B882-6F100A04D2CD}"
EndProject
Project("{9A19103F-16F7-4668-BE54-9A1E7A4F7556}") = "JarlykMods.Hailstorm", "Hailstorm\JarlykMods.Hailstorm.csproj", "{C3EDBC4B-EC53-41B3-9CA4-5607215B7A6C}"
EndProject
Project("{9A19103F-16F7-4668-BE54-9A1E7A4F7556}") = "JarlykMods.Labyrinth", "Labyrinth\JarlykMods.Labyrinth.csproj", "{A9B80368-4E7E-44CA-9011-CA7AC90A7012}"
EndProject
Project("{9A19103F-16F7-4668-BE54-9A1E7A4F7556}") = "EliteSpawningOverhaul", "EliteSpawningOverhaul\EliteSpawningOverhaul.csproj", "{79FA0BBF-D321-40FC-BA61-229C59B28C14}"
EndProject
Project("{9A19103F-16F7-4668-BE54-9A1E7A4F7556}") = "CatalogLib", "CatalogLib\CatalogLib.csproj", "{AA95439E-AF38-4565-8C20-A763EEE4A45C}"
EndProject
Global
	GlobalSection(SolutionConfigurationPlatforms) = preSolution
		Debug|Any CPU = Debug|Any CPU
		Release|Any CPU = Release|Any CPU
	EndGlobalSection
	GlobalSection(ProjectConfigurationPlatforms) = postSolution
		{509F1678-C815-4879-9A0C-771842DC9DDD}.Debug|Any CPU.ActiveCfg = Debug|Any CPU
		{509F1678-C815-4879-9A0C-771842DC9DDD}.Debug|Any CPU.Build.0 = Debug|Any CPU
		{509F1678-C815-4879-9A0C-771842DC9DDD}.Release|Any CPU.ActiveCfg = Release|Any CPU
		{509F1678-C815-4879-9A0C-771842DC9DDD}.Release|Any CPU.Build.0 = Release|Any CPU
		{0CA914B5-9908-4856-B882-6F100A04D2CD}.Debug|Any CPU.ActiveCfg = Debug|Any CPU
		{0CA914B5-9908-4856-B882-6F100A04D2CD}.Debug|Any CPU.Build.0 = Debug|Any CPU
		{0CA914B5-9908-4856-B882-6F100A04D2CD}.Release|Any CPU.ActiveCfg = Release|Any CPU
		{0CA914B5-9908-4856-B882-6F100A04D2CD}.Release|Any CPU.Build.0 = Release|Any CPU
		{C3EDBC4B-EC53-41B3-9CA4-5607215B7A6C}.Debug|Any CPU.ActiveCfg = Debug|Any CPU
		{C3EDBC4B-EC53-41B3-9CA4-5607215B7A6C}.Debug|Any CPU.Build.0 = Debug|Any CPU
		{C3EDBC4B-EC53-41B3-9CA4-5607215B7A6C}.Release|Any CPU.ActiveCfg = Release|Any CPU
		{C3EDBC4B-EC53-41B3-9CA4-5607215B7A6C}.Release|Any CPU.Build.0 = Release|Any CPU
		{A9B80368-4E7E-44CA-9011-CA7AC90A7012}.Debug|Any CPU.ActiveCfg = Debug|Any CPU
		{A9B80368-4E7E-44CA-9011-CA7AC90A7012}.Debug|Any CPU.Build.0 = Debug|Any CPU
		{A9B80368-4E7E-44CA-9011-CA7AC90A7012}.Release|Any CPU.ActiveCfg = Release|Any CPU
		{A9B80368-4E7E-44CA-9011-CA7AC90A7012}.Release|Any CPU.Build.0 = Release|Any CPU
		{79FA0BBF-D321-40FC-BA61-229C59B28C14}.Debug|Any CPU.ActiveCfg = Debug|Any CPU
		{79FA0BBF-D321-40FC-BA61-229C59B28C14}.Debug|Any CPU.Build.0 = Debug|Any CPU
		{79FA0BBF-D321-40FC-BA61-229C59B28C14}.Release|Any CPU.ActiveCfg = Release|Any CPU
		{79FA0BBF-D321-40FC-BA61-229C59B28C14}.Release|Any CPU.Build.0 = Release|Any CPU
		{AA95439E-AF38-4565-8C20-A763EEE4A45C}.Debug|Any CPU.ActiveCfg = Debug|Any CPU
		{AA95439E-AF38-4565-8C20-A763EEE4A45C}.Debug|Any CPU.Build.0 = Debug|Any CPU
		{AA95439E-AF38-4565-8C20-A763EEE4A45C}.Release|Any CPU.ActiveCfg = Release|Any CPU
		{AA95439E-AF38-4565-8C20-A763EEE4A45C}.Release|Any CPU.Build.0 = Release|Any CPU
	EndGlobalSection
	GlobalSection(SolutionProperties) = preSolution
		HideSolutionNode = FALSE
	EndGlobalSection
	GlobalSection(ExtensibilityGlobals) = postSolution
		SolutionGuid = {23F92714-D994-428F-98F6-2F23419A317F}
	EndGlobalSection
EndGlobal
